<?xml version="1.0" encoding="utf-8"?>
<Project ToolsVersion="4.0" xmlns="http://schemas.microsoft.com/developer/msbuild/2003">
  <ItemGroup>
    <Filter Include="源文件">
      <UniqueIdentifier>{4FC737F1-C7A5-4376-A066-2A32D752A2FF}</UniqueIdentifier>
      <Extensions>cpp;c;cc;cxx;c++;cppm;ixx;def;odl;idl;hpj;bat;asm;asmx</Extensions>
    </Filter>
    <Filter Include="头文件">
      <UniqueIdentifier>{93995380-89BD-4b04-88EB-625FBE52EBFB}</UniqueIdentifier>
      <Extensions>h;hh;hpp;hxx;h++;hm;inl;inc;ipp;xsd</Extensions>
    </Filter>
    <Filter Include="资源文件">
      <UniqueIdentifier>{67DA6AB6-F800-4c08-8B7A-83BB121AAD01}</UniqueIdentifier>
      <Extensions>rc;ico;cur;bmp;dlg;rc2;rct;bin;rgs;gif;jpg;jpeg;jpe;resx;tiff;tif;png;wav;mfcribbon-ms</Extensions>
    </Filter>
    <Filter Include="头文件\XContral_RPCTask">
      <UniqueIdentifier>{fa4d45d7-47c9-42e1-b877-c71d29f1b406}</UniqueIdentifier>
    </Filter>
    <Filter Include="源文件\XContral_RPCTask">
      <UniqueIdentifier>{dfc7994f-94ac-465b-952b-272e6ffec9e5}</UniqueIdentifier>
    </Filter>
  </ItemGroup>
  <ItemGroup>
    <ClCompile Include="XEngine_XControl.cpp">
      <Filter>源文件</Filter>
    </ClCompile>
    <ClCompile Include="XContral_Config.cpp">
      <Filter>源文件</Filter>
    </ClCompile>
    <ClCompile Include="XContral_Handle.cpp">
      <Filter>源文件</Filter>
    </ClCompile>
    <ClCompile Include="XContral_Network.cpp">
      <Filter>源文件</Filter>
    </ClCompile>
    <ClCompile Include="XContral_Process.cpp">
      <Filter>源文件</Filter>
    </ClCompile>
    <ClCompile Include="XContral_RPCTask.cpp">
      <Filter>源文件</Filter>
    </ClCompile>
    <ClCompile Include="XContral_Task.cpp">
      <Filter>源文件</Filter>
    </ClCompile>
    <ClCompile Include="XContral_RPCTask\RPCTask_CalMethod.cpp">
      <Filter>源文件\XContral_RPCTask</Filter>
    </ClCompile>
  </ItemGroup>
  <ItemGroup>
    <ClInclude Include="XContral_Config.h">
      <Filter>头文件</Filter>
    </ClInclude>
    <ClInclude Include="XContral_Handle.h">
      <Filter>头文件</Filter>
    </ClInclude>
    <ClInclude Include="XContral_Hdr.h">
      <Filter>头文件</Filter>
    </ClInclude>
    <ClInclude Include="XContral_Network.h">
      <Filter>头文件</Filter>
    </ClInclude>
    <ClInclude Include="XContral_Process.h">
      <Filter>头文件</Filter>
    </ClInclude>
    <ClInclude Include="XContral_RPCTask.h">
      <Filter>头文件</Filter>
    </ClInclude>
    <ClInclude Include="XContral_Task.h">
      <Filter>头文件</Filter>
    </ClInclude>
    <ClInclude Include="XContral_RPCTask\RPCTask_CalMethod.h">
      <Filter>头文件\XContral_RPCTask</Filter>
    </ClInclude>
  </ItemGroup>
</Project>